
Microsoft Visual Studio Solution File, Format Version 12.00
# Visual Studio Version 17
VisualStudioVersion = 17.4.33110.190
MinimumVisualStudioVersion = 10.0.40219.1
Project("{FAE04EC0-301F-11D3-BF4B-00C04F79EFBC}") = "ECommerceWebsite", "ECommerceWebsite\ECommerceWebsite.csproj", "{624788BB-EE1B-48EA-A1A2-9A7EC539CFFE}"
EndProject
Global
	GlobalSection(SolutionConfigurationPlatforms) = preSolution
		Debug|Any CPU = Debug|Any CPU
		Release|Any CPU = Release|Any CPU
	EndGlobalSection
	GlobalSection(ProjectConfigurationPlatforms) = postSolution
		{624788BB-EE1B-48EA-A1A2-9A7EC539CFFE}.Debug|Any CPU.ActiveCfg = Debug|Any CPU
		{624788BB-EE1B-48EA-A1A2-9A7EC539CFFE}.Debug|Any CPU.Build.0 = Debug|Any CPU
		{624788BB-EE1B-48EA-A1A2-9A7EC539CFFE}.Release|Any CPU.ActiveCfg = Release|Any CPU
		{624788BB-EE1B-48EA-A1A2-9A7EC539CFFE}.Release|Any CPU.Build.0 = Release|Any CPU
	EndGlobalSection
	GlobalSection(SolutionProperties) = preSolution
		HideSolutionNode = FALSE
	EndGlobalSection
	GlobalSection(ExtensibilityGlobals) = postSolution
		SolutionGuid = {1ACBF71A-6CDA-4377-BC48-59F110C7C1C7}
	EndGlobalSection
EndGlobal
